
Microsoft Visual Studio Solution File, Format Version 12.00
# Visual Studio Version 17
VisualStudioVersion = 17.11.35312.102
MinimumVisualStudioVersion = 10.0.40219.1
Project("{FAE04EC0-301F-11D3-BF4B-00C04F79EFBC}") = "GSM-Masters", "GSM-Masters\GSM-Masters.csproj", "{14D335A2-9608-448B-8C5B-BF7DA468BE67}"
EndProject
Global
	GlobalSection(SolutionConfigurationPlatforms) = preSolution
		Debug|Any CPU = Debug|Any CPU
		Release|Any CPU = Release|Any CPU
	EndGlobalSection
	GlobalSection(ProjectConfigurationPlatforms) = postSolution
		{14D335A2-9608-448B-8C5B-BF7DA468BE67}.Debug|Any CPU.ActiveCfg = Debug|Any CPU
		{14D335A2-9608-448B-8C5B-BF7DA468BE67}.Debug|Any CPU.Build.0 = Debug|Any CPU
		{14D335A2-9608-448B-8C5B-BF7DA468BE67}.Release|Any CPU.ActiveCfg = Release|Any CPU
		{14D335A2-9608-448B-8C5B-BF7DA468BE67}.Release|Any CPU.Build.0 = Release|Any CPU
	EndGlobalSection
	GlobalSection(SolutionProperties) = preSolution
		HideSolutionNode = FALSE
	EndGlobalSection
	GlobalSection(ExtensibilityGlobals) = postSolution
		SolutionGuid = {048E6D02-5CA2-4274-8DB0-DDB914AA91CC}
	EndGlobalSection
EndGlobal
